
Microsoft Visual Studio Solution File, Format Version 12.00
# Visual Studio Version 17
VisualStudioVersion = 17.13.35931.197 d17.13
MinimumVisualStudioVersion = 10.0.40219.1
Project("{FAE04EC0-301F-11D3-BF4B-00C04F79EFBC}") = "AbstracClasses", "AbstracClasses\AbstracClasses.csproj", "{F66BB446-6549-48CE-A905-09275BC61196}"
EndProject
Global
	GlobalSection(SolutionConfigurationPlatforms) = preSolution
		Debug|Any CPU = Debug|Any CPU
		Release|Any CPU = Release|Any CPU
	EndGlobalSection
	GlobalSection(ProjectConfigurationPlatforms) = postSolution
		{F66BB446-6549-48CE-A905-09275BC61196}.Debug|Any CPU.ActiveCfg = Debug|Any CPU
		{F66BB446-6549-48CE-A905-09275BC61196}.Debug|Any CPU.Build.0 = Debug|Any CPU
		{F66BB446-6549-48CE-A905-09275BC61196}.Release|Any CPU.ActiveCfg = Release|Any CPU
		{F66BB446-6549-48CE-A905-09275BC61196}.Release|Any CPU.Build.0 = Release|Any CPU
	EndGlobalSection
	GlobalSection(SolutionProperties) = preSolution
		HideSolutionNode = FALSE
	EndGlobalSection
	GlobalSection(ExtensibilityGlobals) = postSolution
		SolutionGuid = {D454C8A9-D8C6-4AB2-A1F7-541D25219E67}
	EndGlobalSection
EndGlobal
