
Microsoft Visual Studio Solution File, Format Version 12.00
# Visual Studio Version 17
VisualStudioVersion = 17.13.35931.197
MinimumVisualStudioVersion = 10.0.40219.1
Project("{FAE04EC0-301F-11D3-BF4B-00C04F79EFBC}") = "ClassesAndObjects", "Classes\ClassesAndObjects.csproj", "{30A3D960-A17D-4E51-B853-91D688688A02}"
EndProject
Global
	GlobalSection(SolutionConfigurationPlatforms) = preSolution
		Debug|Any CPU = Debug|Any CPU
		Release|Any CPU = Release|Any CPU
	EndGlobalSection
	GlobalSection(ProjectConfigurationPlatforms) = postSolution
		{30A3D960-A17D-4E51-B853-91D688688A02}.Debug|Any CPU.ActiveCfg = Debug|Any CPU
		{30A3D960-A17D-4E51-B853-91D688688A02}.Debug|Any CPU.Build.0 = Debug|Any CPU
		{30A3D960-A17D-4E51-B853-91D688688A02}.Release|Any CPU.ActiveCfg = Release|Any CPU
		{30A3D960-A17D-4E51-B853-91D688688A02}.Release|Any CPU.Build.0 = Release|Any CPU
	EndGlobalSection
	GlobalSection(SolutionProperties) = preSolution
		HideSolutionNode = FALSE
	EndGlobalSection
	GlobalSection(ExtensibilityGlobals) = postSolution
		SolutionGuid = {A563F1B9-62E9-4F61-992E-639EEA3F3BFA}
	EndGlobalSection
EndGlobal
