
Microsoft Visual Studio Solution File, Format Version 12.00
# Visual Studio Version 17
VisualStudioVersion = 17.14.36109.1 d17.14
MinimumVisualStudioVersion = 10.0.40219.1
Project("{FAE04EC0-301F-11D3-BF4B-00C04F79EFBC}") = "Generics", "Generics\Generics.csproj", "{C16A99A0-28B1-46AD-8F0B-D0F9412DB562}"
EndProject
Global
	GlobalSection(SolutionConfigurationPlatforms) = preSolution
		Debug|Any CPU = Debug|Any CPU
		Release|Any CPU = Release|Any CPU
	EndGlobalSection
	GlobalSection(ProjectConfigurationPlatforms) = postSolution
		{C16A99A0-28B1-46AD-8F0B-D0F9412DB562}.Debug|Any CPU.ActiveCfg = Debug|Any CPU
		{C16A99A0-28B1-46AD-8F0B-D0F9412DB562}.Debug|Any CPU.Build.0 = Debug|Any CPU
		{C16A99A0-28B1-46AD-8F0B-D0F9412DB562}.Release|Any CPU.ActiveCfg = Release|Any CPU
		{C16A99A0-28B1-46AD-8F0B-D0F9412DB562}.Release|Any CPU.Build.0 = Release|Any CPU
	EndGlobalSection
	GlobalSection(SolutionProperties) = preSolution
		HideSolutionNode = FALSE
	EndGlobalSection
	GlobalSection(ExtensibilityGlobals) = postSolution
		SolutionGuid = {49154EAD-99A8-4EE6-9583-5C37EF9CC950}
	EndGlobalSection
EndGlobal
