
Microsoft Visual Studio Solution File, Format Version 12.00
# Visual Studio Version 17
VisualStudioVersion = 17.13.35931.197 d17.13
MinimumVisualStudioVersion = 10.0.40219.1
Project("{FAE04EC0-301F-11D3-BF4B-00C04F79EFBC}") = "NumberGuessingGame", "NumberGuessingGame\NumberGuessingGame.csproj", "{C2698E05-BFCD-4F41-ADDA-88FD5EFCEBEA}"
EndProject
Global
	GlobalSection(SolutionConfigurationPlatforms) = preSolution
		Debug|Any CPU = Debug|Any CPU
		Release|Any CPU = Release|Any CPU
	EndGlobalSection
	GlobalSection(ProjectConfigurationPlatforms) = postSolution
		{C2698E05-BFCD-4F41-ADDA-88FD5EFCEBEA}.Debug|Any CPU.ActiveCfg = Debug|Any CPU
		{C2698E05-BFCD-4F41-ADDA-88FD5EFCEBEA}.Debug|Any CPU.Build.0 = Debug|Any CPU
		{C2698E05-BFCD-4F41-ADDA-88FD5EFCEBEA}.Release|Any CPU.ActiveCfg = Release|Any CPU
		{C2698E05-BFCD-4F41-ADDA-88FD5EFCEBEA}.Release|Any CPU.Build.0 = Release|Any CPU
	EndGlobalSection
	GlobalSection(SolutionProperties) = preSolution
		HideSolutionNode = FALSE
	EndGlobalSection
	GlobalSection(ExtensibilityGlobals) = postSolution
		SolutionGuid = {179F0A72-74E0-40DF-85E8-7EDBD31FD150}
	EndGlobalSection
EndGlobal
