
Microsoft Visual Studio Solution File, Format Version 12.00
# Visual Studio Version 17
VisualStudioVersion = 17.13.35931.197 d17.13
MinimumVisualStudioVersion = 10.0.40219.1
Project("{FAE04EC0-301F-11D3-BF4B-00C04F79EFBC}") = "RandomClass", "RandomClass\RandomClass.csproj", "{163FACDF-EB2D-480A-AA9A-803F9EE362D7}"
EndProject
Project("{FAE04EC0-301F-11D3-BF4B-00C04F79EFBC}") = "MyFirstProgram", "..\MyFirstProgram\MyFirstProgram\MyFirstProgram.csproj", "{4641287B-854C-EB7E-B41B-73054FA02989}"
EndProject
Global
	GlobalSection(SolutionConfigurationPlatforms) = preSolution
		Debug|Any CPU = Debug|Any CPU
		Release|Any CPU = Release|Any CPU
	EndGlobalSection
	GlobalSection(ProjectConfigurationPlatforms) = postSolution
		{163FACDF-EB2D-480A-AA9A-803F9EE362D7}.Debug|Any CPU.ActiveCfg = Debug|Any CPU
		{163FACDF-EB2D-480A-AA9A-803F9EE362D7}.Debug|Any CPU.Build.0 = Debug|Any CPU
		{163FACDF-EB2D-480A-AA9A-803F9EE362D7}.Release|Any CPU.ActiveCfg = Release|Any CPU
		{163FACDF-EB2D-480A-AA9A-803F9EE362D7}.Release|Any CPU.Build.0 = Release|Any CPU
		{4641287B-854C-EB7E-B41B-73054FA02989}.Debug|Any CPU.ActiveCfg = Debug|Any CPU
		{4641287B-854C-EB7E-B41B-73054FA02989}.Debug|Any CPU.Build.0 = Debug|Any CPU
		{4641287B-854C-EB7E-B41B-73054FA02989}.Release|Any CPU.ActiveCfg = Release|Any CPU
		{4641287B-854C-EB7E-B41B-73054FA02989}.Release|Any CPU.Build.0 = Release|Any CPU
	EndGlobalSection
	GlobalSection(SolutionProperties) = preSolution
		HideSolutionNode = FALSE
	EndGlobalSection
	GlobalSection(ExtensibilityGlobals) = postSolution
		SolutionGuid = {06375917-B17D-46DB-85FA-72DAEC77BDF0}
	EndGlobalSection
EndGlobal
