
Microsoft Visual Studio Solution File, Format Version 12.00
# Visual Studio Version 17
VisualStudioVersion = 17.13.35931.197 d17.13
MinimumVisualStudioVersion = 10.0.40219.1
Project("{FAE04EC0-301F-11D3-BF4B-00C04F79EFBC}") = "RockPaperScissorsGame", "RockPaperScissorsGame\RockPaperScissorsGame.csproj", "{92D8A154-C04F-4DE8-B603-1FE2375BBC1A}"
EndProject
Global
	GlobalSection(SolutionConfigurationPlatforms) = preSolution
		Debug|Any CPU = Debug|Any CPU
		Release|Any CPU = Release|Any CPU
	EndGlobalSection
	GlobalSection(ProjectConfigurationPlatforms) = postSolution
		{92D8A154-C04F-4DE8-B603-1FE2375BBC1A}.Debug|Any CPU.ActiveCfg = Debug|Any CPU
		{92D8A154-C04F-4DE8-B603-1FE2375BBC1A}.Debug|Any CPU.Build.0 = Debug|Any CPU
		{92D8A154-C04F-4DE8-B603-1FE2375BBC1A}.Release|Any CPU.ActiveCfg = Release|Any CPU
		{92D8A154-C04F-4DE8-B603-1FE2375BBC1A}.Release|Any CPU.Build.0 = Release|Any CPU
	EndGlobalSection
	GlobalSection(SolutionProperties) = preSolution
		HideSolutionNode = FALSE
	EndGlobalSection
	GlobalSection(ExtensibilityGlobals) = postSolution
		SolutionGuid = {1F82B480-EC88-427F-807F-A907588F3397}
	EndGlobalSection
EndGlobal
