
Microsoft Visual Studio Solution File, Format Version 12.00
# Visual Studio Version 17
VisualStudioVersion = 17.13.35931.197 d17.13
MinimumVisualStudioVersion = 10.0.40219.1
Project("{FAE04EC0-301F-11D3-BF4B-00C04F79EFBC}") = "ObjectAsAnArgument", "ObjectAsAnArgument\ObjectAsAnArgument.csproj", "{A99F0F89-C75B-4AA0-A798-D375376F19A3}"
EndProject
Global
	GlobalSection(SolutionConfigurationPlatforms) = preSolution
		Debug|Any CPU = Debug|Any CPU
		Release|Any CPU = Release|Any CPU
	EndGlobalSection
	GlobalSection(ProjectConfigurationPlatforms) = postSolution
		{A99F0F89-C75B-4AA0-A798-D375376F19A3}.Debug|Any CPU.ActiveCfg = Debug|Any CPU
		{A99F0F89-C75B-4AA0-A798-D375376F19A3}.Debug|Any CPU.Build.0 = Debug|Any CPU
		{A99F0F89-C75B-4AA0-A798-D375376F19A3}.Release|Any CPU.ActiveCfg = Release|Any CPU
		{A99F0F89-C75B-4AA0-A798-D375376F19A3}.Release|Any CPU.Build.0 = Release|Any CPU
	EndGlobalSection
	GlobalSection(SolutionProperties) = preSolution
		HideSolutionNode = FALSE
	EndGlobalSection
	GlobalSection(ExtensibilityGlobals) = postSolution
		SolutionGuid = {FF1DF456-0B7D-4F6D-BF7F-EFAE39395BB5}
	EndGlobalSection
EndGlobal
